
Microsoft Visual Studio Solution File, Format Version 12.00
Project("{FAE04EC0-301F-11D3-BF4B-00C04F79EFBC}") = "LearnPageRazor", "LearnPageRazor.csproj", "{95E276F8-143D-4D0F-A89A-6AB2989FDC6D}"
EndProject
Global
	GlobalSection(SolutionConfigurationPlatforms) = preSolution
		Debug|Any CPU = Debug|Any CPU
		Release|Any CPU = Release|Any CPU
	EndGlobalSection
	GlobalSection(ProjectConfigurationPlatforms) = postSolution
		{95E276F8-143D-4D0F-A89A-6AB2989FDC6D}.Debug|Any CPU.ActiveCfg = Debug|Any CPU
		{95E276F8-143D-4D0F-A89A-6AB2989FDC6D}.Debug|Any CPU.Build.0 = Debug|Any CPU
		{95E276F8-143D-4D0F-A89A-6AB2989FDC6D}.Release|Any CPU.ActiveCfg = Release|Any CPU
		{95E276F8-143D-4D0F-A89A-6AB2989FDC6D}.Release|Any CPU.Build.0 = Release|Any CPU
	EndGlobalSection
EndGlobal
